// !$*UTF8*$!
{
	archiveVersion = 1;
	classes = {
	};
	objectVersion = 77;
	objects = {

/* Begin PBXBuildFile section */
		D69128D62CDF04E000A37543 /* CustomerSupportViewController.swift in Sources */ = {isa = PBXBuildFile; fileRef = D69128D52CDF04E000A37543 /* CustomerSupportViewController.swift */; };
		D6DB2C092CDF11AB0055D8F8 /* SF-Pro-Display-Bold.otf in Resources */ = {isa = PBXBuildFile; fileRef = D6DB2C082CDF11AB0055D8F8 /* SF-Pro-Display-Bold.otf */; };
/* End PBXBuildFile section */

/* Begin PBXContainerItemProxy section */
		3B222C8A2CD769A4008087EF /* PBXContainerItemProxy */ = {
			isa = PBXContainerItemProxy;
			containerPortal = 3B222C6B2CD769A3008087EF /* Project object */;
			proxyType = 1;
			remoteGlobalIDString = 3B222C722CD769A3008087EF;
			remoteInfo = "Programatic-UI";
		};
		3B222C942CD769A4008087EF /* PBXContainerItemProxy */ = {
			isa = PBXContainerItemProxy;
			containerPortal = 3B222C6B2CD769A3008087EF /* Project object */;
			proxyType = 1;
			remoteGlobalIDString = 3B222C722CD769A3008087EF;
			remoteInfo = "Programatic-UI";
		};
/* End PBXContainerItemProxy section */

/* Begin PBXFileReference section */
		3B222C732CD769A3008087EF /* Programatic-UI.app */ = {isa = PBXFileReference; explicitFileType = wrapper.application; includeInIndex = 0; path = "Programatic-UI.app"; sourceTree = BUILT_PRODUCTS_DIR; };
		3B222C892CD769A4008087EF /* Programatic-UITests.xctest */ = {isa = PBXFileReference; explicitFileType = wrapper.cfbundle; includeInIndex = 0; path = "Programatic-UITests.xctest"; sourceTree = BUILT_PRODUCTS_DIR; };
		3B222C932CD769A4008087EF /* Programatic-UIUITests.xctest */ = {isa = PBXFileReference; explicitFileType = wrapper.cfbundle; includeInIndex = 0; path = "Programatic-UIUITests.xctest"; sourceTree = BUILT_PRODUCTS_DIR; };
		D69128D52CDF04E000A37543 /* CustomerSupportViewController.swift */ = {isa = PBXFileReference; lastKnownFileType = sourcecode.swift; path = CustomerSupportViewController.swift; sourceTree = "<group>"; };
		D6DB2C082CDF11AB0055D8F8 /* SF-Pro-Display-Bold.otf */ = {isa = PBXFileReference; lastKnownFileType = file; path = "SF-Pro-Display-Bold.otf"; sourceTree = "<group>"; };
/* End PBXFileReference section */

/* Begin PBXFileSystemSynchronizedBuildFileExceptionSet section */
		3B222C9B2CD769A4008087EF /* Exceptions for "Programatic-UI" folder in "Programatic-UI" target */ = {
			isa = PBXFileSystemSynchronizedBuildFileExceptionSet;
			membershipExceptions = (
				Info.plist,
			);
			target = 3B222C722CD769A3008087EF /* Programatic-UI */;
		};
/* End PBXFileSystemSynchronizedBuildFileExceptionSet section */

/* Begin PBXFileSystemSynchronizedRootGroup section */
		3B222C752CD769A3008087EF /* Programatic-UI */ = {
			isa = PBXFileSystemSynchronizedRootGroup;
			exceptions = (
				3B222C9B2CD769A4008087EF /* Exceptions for "Programatic-UI" folder in "Programatic-UI" target */,
			);
			path = "Programatic-UI";
			sourceTree = "<group>";
		};
		3B222C8C2CD769A4008087EF /* Programatic-UITests */ = {
			isa = PBXFileSystemSynchronizedRootGroup;
			path = "Programatic-UITests";
			sourceTree = "<group>";
		};
		3B222C962CD769A4008087EF /* Programatic-UIUITests */ = {
			isa = PBXFileSystemSynchronizedRootGroup;
			path = "Programatic-UIUITests";
			sourceTree = "<group>";
		};
/* End PBXFileSystemSynchronizedRootGroup section */

/* Begin PBXFrameworksBuildPhase section */
		3B222C702CD769A3008087EF /* Frameworks */ = {
			isa = PBXFrameworksBuildPhase;
			buildActionMask = 2147483647;
			files = (
			);
			runOnlyForDeploymentPostprocessing = 0;
		};
		3B222C862CD769A4008087EF /* Frameworks */ = {
			isa = PBXFrameworksBuildPhase;
			buildActionMask = 2147483647;
			files = (
			);
			runOnlyForDeploymentPostprocessing = 0;
		};
		3B222C902CD769A4008087EF /* Frameworks */ = {
			isa = PBXFrameworksBuildPhase;
			buildActionMask = 2147483647;
			files = (
			);
			runOnlyForDeploymentPostprocessing = 0;
		};
/* End PBXFrameworksBuildPhase section */

/* Begin PBXGroup section */
		3B222C6A2CD769A3008087EF = {
			isa = PBXGroup;
			children = (
				D6DB2C082CDF11AB0055D8F8 /* SF-Pro-Display-Bold.otf */,
				D69128D52CDF04E000A37543 /* CustomerSupportViewController.swift */,
				3B222C752CD769A3008087EF /* Programatic-UI */,
				3B222C8C2CD769A4008087EF /* Programatic-UITests */,
				3B222C962CD769A4008087EF /* Programatic-UIUITests */,
				3B222C742CD769A3008087EF /* Products */,
			);
			sourceTree = "<group>";
		};
		3B222C742CD769A3008087EF /* Products */ = {
			isa = PBXGroup;
			children = (
				3B222C732CD769A3008087EF /* Programatic-UI.app */,
				3B222C892CD769A4008087EF /* Programatic-UITests.xctest */,
				3B222C932CD769A4008087EF /* Programatic-UIUITests.xctest */,
			);
			name = Products;
			sourceTree = "<group>";
		};
/* End PBXGroup section */

/* Begin PBXNativeTarget section */
		3B222C722CD769A3008087EF /* Programatic-UI */ = {
			isa = PBXNativeTarget;
			buildConfigurationList = 3B222C9C2CD769A4008087EF /* Build configuration list for PBXNativeTarget "Programatic-UI" */;
			buildPhases = (
				3B222C6F2CD769A3008087EF /* Sources */,
				3B222C702CD769A3008087EF /* Frameworks */,
				3B222C712CD769A3008087EF /* Resources */,
			);
			buildRules = (
			);
			dependencies = (
			);
			fileSystemSynchronizedGroups = (
				3B222C752CD769A3008087EF /* Programatic-UI */,
			);
			name = "Programatic-UI";
			packageProductDependencies = (
			);
			productName = "Programatic-UI";
			productReference = 3B222C732CD769A3008087EF /* Programatic-UI.app */;
			productType = "com.apple.product-type.application";
		};
		3B222C882CD769A4008087EF /* Programatic-UITests */ = {
			isa = PBXNativeTarget;
			buildConfigurationList = 3B222CA12CD769A4008087EF /* Build configuration list for PBXNativeTarget "Programatic-UITests" */;
			buildPhases = (
				3B222C852CD769A4008087EF /* Sources */,
				3B222C862CD769A4008087EF /* Frameworks */,
				3B222C872CD769A4008087EF /* Resources */,
			);
			buildRules = (
			);
			dependencies = (
				3B222C8B2CD769A4008087EF /* PBXTargetDependency */,
			);
			fileSystemSynchronizedGroups = (
				3B222C8C2CD769A4008087EF /* Programatic-UITests */,
			);
			name = "Programatic-UITests";
			packageProductDependencies = (
			);
			productName = "Programatic-UITests";
			productReference = 3B222C892CD769A4008087EF /* Programatic-UITests.xctest */;
			productType = "com.apple.product-type.bundle.unit-test";
		};
		3B222C922CD769A4008087EF /* Programatic-UIUITests */ = {
			isa = PBXNativeTarget;
			buildConfigurationList = 3B222CA42CD769A4008087EF /* Build configuration list for PBXNativeTarget "Programatic-UIUITests" */;
			buildPhases = (
				3B222C8F2CD769A4008087EF /* Sources */,
				3B222C902CD769A4008087EF /* Frameworks */,
				3B222C912CD769A4008087EF /* Resources */,
			);
			buildRules = (
			);
			dependencies = (
				3B222C952CD769A4008087EF /* PBXTargetDependency */,
			);
			fileSystemSynchronizedGroups = (
				3B222C962CD769A4008087EF /* Programatic-UIUITests */,
			);
			name = "Programatic-UIUITests";
			packageProductDependencies = (
			);
			productName = "Programatic-UIUITests";
			productReference = 3B222C932CD769A4008087EF /* Programatic-UIUITests.xctest */;
			productType = "com.apple.product-type.bundle.ui-testing";
		};
/* End PBXNativeTarget section */

/* Begin PBXProject section */
		3B222C6B2CD769A3008087EF /* Project object */ = {
			isa = PBXProject;
			attributes = {
				BuildIndependentTargetsInParallel = 1;
				LastSwiftUpdateCheck = 1600;
				LastUpgradeCheck = 1600;
				TargetAttributes = {
					3B222C722CD769A3008087EF = {
						CreatedOnToolsVersion = 16.0;
					};
					3B222C882CD769A4008087EF = {
						CreatedOnToolsVersion = 16.0;
						TestTargetID = 3B222C722CD769A3008087EF;
					};
					3B222C922CD769A4008087EF = {
						CreatedOnToolsVersion = 16.0;
						TestTargetID = 3B222C722CD769A3008087EF;
					};
				};
			};
			buildConfigurationList = 3B222C6E2CD769A3008087EF /* Build configuration list for PBXProject "Programatic-UI" */;
			developmentRegion = en;
			hasScannedForEncodings = 0;
			knownRegions = (
				en,
				Base,
			);
			mainGroup = 3B222C6A2CD769A3008087EF;
			minimizedProjectReferenceProxies = 1;
			preferredProjectObjectVersion = 77;
			productRefGroup = 3B222C742CD769A3008087EF /* Products */;
			projectDirPath = "";
			projectRoot = "";
			targets = (
				3B222C722CD769A3008087EF /* Programatic-UI */,
				3B222C882CD769A4008087EF /* Programatic-UITests */,
				3B222C922CD769A4008087EF /* Programatic-UIUITests */,
			);
		};
/* End PBXProject section */

/* Begin PBXResourcesBuildPhase section */
		3B222C712CD769A3008087EF /* Resources */ = {
			isa = PBXResourcesBuildPhase;
			buildActionMask = 2147483647;
			files = (
				D6DB2C092CDF11AB0055D8F8 /* SF-Pro-Display-Bold.otf in Resources */,
			);
			runOnlyForDeploymentPostprocessing = 0;
		};
		3B222C872CD769A4008087EF /* Resources */ = {
			isa = PBXResourcesBuildPhase;
			buildActionMask = 2147483647;
			files = (
			);
			runOnlyForDeploymentPostprocessing = 0;
		};
		3B222C912CD769A4008087EF /* Resources */ = {
			isa = PBXResourcesBuildPhase;
			buildActionMask = 2147483647;
			files = (
			);
			runOnlyForDeploymentPostprocessing = 0;
		};
/* End PBXResourcesBuildPhase section */

/* Begin PBXSourcesBuildPhase section */
		3B222C6F2CD769A3008087EF /* Sources */ = {
			isa = PBXSourcesBuildPhase;
			buildActionMask = 2147483647;
			files = (
				D69128D62CDF04E000A37543 /* CustomerSupportViewController.swift in Sources */,
			);
			runOnlyForDeploymentPostprocessing = 0;
		};
		3B222C852CD769A4008087EF /* Sources */ = {
			isa = PBXSourcesBuildPhase;
			buildActionMask = 2147483647;
			files = (
			);
			runOnlyForDeploymentPostprocessing = 0;
		};
		3B222C8F2CD769A4008087EF /* Sources */ = {
			isa = PBXSourcesBuildPhase;
			buildActionMask = 2147483647;
			files = (
			);
			runOnlyForDeploymentPostprocessing = 0;
		};
/* End PBXSourcesBuildPhase section */

/* Begin PBXTargetDependency section */
		3B222C8B2CD769A4008087EF /* PBXTargetDependency */ = {
			isa = PBXTargetDependency;
			target = 3B222C722CD769A3008087EF /* Programatic-UI */;
			targetProxy = 3B222C8A2CD769A4008087EF /* PBXContainerItemProxy */;
		};
		3B222C952CD769A4008087EF /* PBXTargetDependency */ = {
			isa = PBXTargetDependency;
			target = 3B222C722CD769A3008087EF /* Programatic-UI */;
			targetProxy = 3B222C942CD769A4008087EF /* PBXContainerItemProxy */;
		};
/* End PBXTargetDependency section */

/* Begin XCBuildConfiguration section */
		3B222C9D2CD769A4008087EF /* Debug */ = {
			isa = XCBuildConfiguration;
			buildSettings = {
				ASSETCATALOG_COMPILER_APPICON_NAME = AppIcon;
				ASSETCATALOG_COMPILER_GLOBAL_ACCENT_COLOR_NAME = AccentColor;
				CODE_SIGN_STYLE = Automatic;
				CURRENT_PROJECT_VERSION = 1;
				GENERATE_INFOPLIST_FILE = YES;
				INFOPLIST_FILE = "Programatic-UI/Info.plist";
				INFOPLIST_KEY_UIApplicationSupportsIndirectInputEvents = YES;
				INFOPLIST_KEY_UILaunchStoryboardName = LaunchScreen;
				INFOPLIST_KEY_UISupportedInterfaceOrientations_iPad = "UIInterfaceOrientationPortrait UIInterfaceOrientationPortraitUpsideDown UIInterfaceOrientationLandscapeLeft UIInterfaceOrientationLandscapeRight";
				INFOPLIST_KEY_UISupportedInterfaceOrientations_iPhone = "UIInterfaceOrientationPortrait UIInterfaceOrientationLandscapeLeft UIInterfaceOrientationLandscapeRight";
				LD_RUNPATH_SEARCH_PATHS = (
					"$(inherited)",
					"@executable_path/Frameworks",
				);
				MARKETING_VERSION = 1.0;
				PRODUCT_BUNDLE_IDENTIFIER = "com.Programatic-UI";
				PRODUCT_NAME = "$(TARGET_NAME)";
				SWIFT_EMIT_LOC_STRINGS = YES;
				SWIFT_VERSION = 5.0;
				TARGETED_DEVICE_FAMILY = "1,2";
			};
			name = Debug;
		};
		3B222C9E2CD769A4008087EF /* Release */ = {
			isa = XCBuildConfiguration;
			buildSettings = {
				ASSETCATALOG_COMPILER_APPICON_NAME = AppIcon;
				ASSETCATALOG_COMPILER_GLOBAL_ACCENT_COLOR_NAME = AccentColor;
				CODE_SIGN_STYLE = Automatic;
				CURRENT_PROJECT_VERSION = 1;
				GENERATE_INFOPLIST_FILE = YES;
				INFOPLIST_FILE = "Programatic-UI/Info.plist";
				INFOPLIST_KEY_UIApplicationSupportsIndirectInputEvents = YES;
				INFOPLIST_KEY_UILaunchStoryboardName = LaunchScreen;
				INFOPLIST_KEY_UISupportedInterfaceOrientations_iPad = "UIInterfaceOrientationPortrait UIInterfaceOrientationPortraitUpsideDown UIInterfaceOrientationLandscapeLeft UIInterfaceOrientationLandscapeRight";
				INFOPLIST_KEY_UISupportedInterfaceOrientations_iPhone = "UIInterfaceOrientationPortrait UIInterfaceOrientationLandscapeLeft UIInterfaceOrientationLandscapeRight";
				LD_RUNPATH_SEARCH_PATHS = (
					"$(inherited)",
					"@executable_path/Frameworks",
				);
				MARKETING_VERSION = 1.0;
				PRODUCT_BUNDLE_IDENTIFIER = "com.Programatic-UI";
				PRODUCT_NAME = "$(TARGET_NAME)";
				SWIFT_EMIT_LOC_STRINGS = YES;
				SWIFT_VERSION = 5.0;
				TARGETED_DEVICE_FAMILY = "1,2";
			};
			name = Release;
		};
		3B222C9F2CD769A4008087EF /* Debug */ = {
			isa = XCBuildConfiguration;
			buildSettings = {
				ALWAYS_SEARCH_USER_PATHS = NO;
				ASSETCATALOG_COMPILER_GENERATE_SWIFT_ASSET_SYMBOL_EXTENSIONS = YES;
				CLANG_ANALYZER_NONNULL = YES;
				CLANG_ANALYZER_NUMBER_OBJECT_CONVERSION = YES_AGGRESSIVE;
				CLANG_CXX_LANGUAGE_STANDARD = "gnu++20";
				CLANG_ENABLE_MODULES = YES;
				CLANG_ENABLE_OBJC_ARC = YES;
				CLANG_ENABLE_OBJC_WEAK = YES;
				CLANG_WARN_BLOCK_CAPTURE_AUTORELEASING = YES;
				CLANG_WARN_BOOL_CONVERSION = YES;
				CLANG_WARN_COMMA = YES;
				CLANG_WARN_CONSTANT_CONVERSION = YES;
				CLANG_WARN_DEPRECATED_OBJC_IMPLEMENTATIONS = YES;
				CLANG_WARN_DIRECT_OBJC_ISA_USAGE = YES_ERROR;
				CLANG_WARN_DOCUMENTATION_COMMENTS = YES;
				CLANG_WARN_EMPTY_BODY = YES;
				CLANG_WARN_ENUM_CONVERSION = YES;
				CLANG_WARN_INFINITE_RECURSION = YES;
				CLANG_WARN_INT_CONVERSION = YES;
				CLANG_WARN_NON_LITERAL_NULL_CONVERSION = YES;
				CLANG_WARN_OBJC_IMPLICIT_RETAIN_SELF = YES;
				CLANG_WARN_OBJC_LITERAL_CONVERSION = YES;
				CLANG_WARN_OBJC_ROOT_CLASS = YES_ERROR;
				CLANG_WARN_QUOTED_INCLUDE_IN_FRAMEWORK_HEADER = YES;
				CLANG_WARN_RANGE_LOOP_ANALYSIS = YES;
				CLANG_WARN_STRICT_PROTOTYPES = YES;
				CLANG_WARN_SUSPICIOUS_MOVE = YES;
				CLANG_WARN_UNGUARDED_AVAILABILITY = YES_AGGRESSIVE;
				CLANG_WARN_UNREACHABLE_CODE = YES;
				CLANG_WARN__DUPLICATE_METHOD_MATCH = YES;
				COPY_PHASE_STRIP = NO;
				DEBUG_INFORMATION_FORMAT = dwarf;
				ENABLE_STRICT_OBJC_MSGSEND = YES;
				ENABLE_TESTABILITY = YES;
				ENABLE_USER_SCRIPT_SANDBOXING = YES;
				GCC_C_LANGUAGE_STANDARD = gnu17;
				GCC_DYNAMIC_NO_PIC = NO;
				GCC_NO_COMMON_BLOCKS = YES;
				GCC_OPTIMIZATION_LEVEL = 0;
				GCC_PREPROCESSOR_DEFINITIONS = (
					"DEBUG=1",
					"$(inherited)",
				);
				GCC_WARN_64_TO_32_BIT_CONVERSION = YES;
				GCC_WARN_ABOUT_RETURN_TYPE = YES_ERROR;
				GCC_WARN_UNDECLARED_SELECTOR = YES;
				GCC_WARN_UNINITIALIZED_AUTOS = YES_AGGRESSIVE;
				GCC_WARN_UNUSED_FUNCTION = YES;
				GCC_WARN_UNUSED_VARIABLE = YES;
				IPHONEOS_DEPLOYMENT_TARGET = 18.0;
				LOCALIZATION_PREFERS_STRING_CATALOGS = YES;
				MTL_ENABLE_DEBUG_INFO = INCLUDE_SOURCE;
				MTL_FAST_MATH = YES;
				ONLY_ACTIVE_ARCH = YES;
				SDKROOT = iphoneos;
				SWIFT_ACTIVE_COMPILATION_CONDITIONS = "DEBUG $(inherited)";
				SWIFT_OPTIMIZATION_LEVEL = "-Onone";
			};
			name = Debug;
		};
		3B222CA02CD769A4008087EF /* Release */ = {
			isa = XCBuildConfiguration;
			buildSettings = {
				ALWAYS_SEARCH_USER_PATHS = NO;
				ASSETCATALOG_COMPILER_GENERATE_SWIFT_ASSET_SYMBOL_EXTENSIONS = YES;
				CLANG_ANALYZER_NONNULL = YES;
				CLANG_ANALYZER_NUMBER_OBJECT_CONVERSION = YES_AGGRESSIVE;
				CLANG_CXX_LANGUAGE_STANDARD = "gnu++20";
				CLANG_ENABLE_MODULES = YES;
				CLANG_ENABLE_OBJC_ARC = YES;
				CLANG_ENABLE_OBJC_WEAK = YES;
				CLANG_WARN_BLOCK_CAPTURE_AUTORELEASING = YES;
				CLANG_WARN_BOOL_CONVERSION = YES;
				CLANG_WARN_COMMA = YES;
				CLANG_WARN_CONSTANT_CONVERSION = YES;
				CLANG_WARN_DEPRECATED_OBJC_IMPLEMENTATIONS = YES;
				CLANG_WARN_DIRECT_OBJC_ISA_USAGE = YES_ERROR;
				CLANG_WARN_DOCUMENTATION_COMMENTS = YES;
				CLANG_WARN_EMPTY_BODY = YES;
				CLANG_WARN_ENUM_CONVERSION = YES;
				CLANG_WARN_INFINITE_RECURSION = YES;
				CLANG_WARN_INT_CONVERSION = YES;
				CLANG_WARN_NON_LITERAL_NULL_CONVERSION = YES;
				CLANG_WARN_OBJC_IMPLICIT_RETAIN_SELF = YES;
				CLANG_WARN_OBJC_LITERAL_CONVERSION = YES;
				CLANG_WARN_OBJC_ROOT_CLASS = YES_ERROR;
				CLANG_WARN_QUOTED_INCLUDE_IN_FRAMEWORK_HEADER = YES;
				CLANG_WARN_RANGE_LOOP_ANALYSIS = YES;
				CLANG_WARN_STRICT_PROTOTYPES = YES;
				CLANG_WARN_SUSPICIOUS_MOVE = YES;
				CLANG_WARN_UNGUARDED_AVAILABILITY = YES_AGGRESSIVE;
				CLANG_WARN_UNREACHABLE_CODE = YES;
				CLANG_WARN__DUPLICATE_METHOD_MATCH = YES;
				COPY_PHASE_STRIP = NO;
				DEBUG_INFORMATION_FORMAT = "dwarf-with-dsym";
				ENABLE_NS_ASSERTIONS = NO;
				ENABLE_STRICT_OBJC_MSGSEND = YES;
				ENABLE_USER_SCRIPT_SANDBOXING = YES;
				GCC_C_LANGUAGE_STANDARD = gnu17;
				GCC_NO_COMMON_BLOCKS = YES;
				GCC_WARN_64_TO_32_BIT_CONVERSION = YES;
				GCC_WARN_ABOUT_RETURN_TYPE = YES_ERROR;
				GCC_WARN_UNDECLARED_SELECTOR = YES;
				GCC_WARN_UNINITIALIZED_AUTOS = YES_AGGRESSIVE;
				GCC_WARN_UNUSED_FUNCTION = YES;
				GCC_WARN_UNUSED_VARIABLE = YES;
				IPHONEOS_DEPLOYMENT_TARGET = 18.0;
				LOCALIZATION_PREFERS_STRING_CATALOGS = YES;
				MTL_ENABLE_DEBUG_INFO = NO;
				MTL_FAST_MATH = YES;
				SDKROOT = iphoneos;
				SWIFT_COMPILATION_MODE = wholemodule;
				VALIDATE_PRODUCT = YES;
			};
			name = Release;
		};
		3B222CA22CD769A4008087EF /* Debug */ = {
			isa = XCBuildConfiguration;
			buildSettings = {
				BUNDLE_LOADER = "$(TEST_HOST)";
				CODE_SIGN_STYLE = Automatic;
				CURRENT_PROJECT_VERSION = 1;
				GENERATE_INFOPLIST_FILE = YES;
				IPHONEOS_DEPLOYMENT_TARGET = 18.0;
				MARKETING_VERSION = 1.0;
				PRODUCT_BUNDLE_IDENTIFIER = "com.Programatic-UITests";
				PRODUCT_NAME = "$(TARGET_NAME)";
				SWIFT_EMIT_LOC_STRINGS = NO;
				SWIFT_VERSION = 5.0;
				TARGETED_DEVICE_FAMILY = "1,2";
				TEST_HOST = "$(BUILT_PRODUCTS_DIR)/Programatic-UI.app/$(BUNDLE_EXECUTABLE_FOLDER_PATH)/Programatic-UI";
			};
			name = Debug;
		};
		3B222CA32CD769A4008087EF /* Release */ = {
			isa = XCBuildConfiguration;
			buildSettings = {
				BUNDLE_LOADER = "$(TEST_HOST)";
				CODE_SIGN_STYLE = Automatic;
				CURRENT_PROJECT_VERSION = 1;
				GENERATE_INFOPLIST_FILE = YES;
				IPHONEOS_DEPLOYMENT_TARGET = 18.0;
				MARKETING_VERSION = 1.0;
				PRODUCT_BUNDLE_IDENTIFIER = "com.Programatic-UITests";
				PRODUCT_NAME = "$(TARGET_NAME)";
				SWIFT_EMIT_LOC_STRINGS = NO;
				SWIFT_VERSION = 5.0;
				TARGETED_DEVICE_FAMILY = "1,2";
				TEST_HOST = "$(BUILT_PRODUCTS_DIR)/Programatic-UI.app/$(BUNDLE_EXECUTABLE_FOLDER_PATH)/Programatic-UI";
			};
			name = Release;
		};
		3B222CA52CD769A4008087EF /* Debug */ = {
			isa = XCBuildConfiguration;
			buildSettings = {
				CODE_SIGN_STYLE = Automatic;
				CURRENT_PROJECT_VERSION = 1;
				GENERATE_INFOPLIST_FILE = YES;
				MARKETING_VERSION = 1.0;
				PRODUCT_BUNDLE_IDENTIFIER = "com.Programatic-UIUITests";
				PRODUCT_NAME = "$(TARGET_NAME)";
				SWIFT_EMIT_LOC_STRINGS = NO;
				SWIFT_VERSION = 5.0;
				TARGETED_DEVICE_FAMILY = "1,2";
				TEST_TARGET_NAME = "Programatic-UI";
			};
			name = Debug;
		};
		3B222CA62CD769A4008087EF /* Release */ = {
			isa = XCBuildConfiguration;
			buildSettings = {
				CODE_SIGN_STYLE = Automatic;
				CURRENT_PROJECT_VERSION = 1;
				GENERATE_INFOPLIST_FILE = YES;
				MARKETING_VERSION = 1.0;
				PRODUCT_BUNDLE_IDENTIFIER = "com.Programatic-UIUITests";
				PRODUCT_NAME = "$(TARGET_NAME)";
				SWIFT_EMIT_LOC_STRINGS = NO;
				SWIFT_VERSION = 5.0;
				TARGETED_DEVICE_FAMILY = "1,2";
				TEST_TARGET_NAME = "Programatic-UI";
			};
			name = Release;
		};
/* End XCBuildConfiguration section */

/* Begin XCConfigurationList section */
		3B222C6E2CD769A3008087EF /* Build configuration list for PBXProject "Programatic-UI" */ = {
			isa = XCConfigurationList;
			buildConfigurations = (
				3B222C9F2CD769A4008087EF /* Debug */,
				3B222CA02CD769A4008087EF /* Release */,
			);
			defaultConfigurationIsVisible = 0;
			defaultConfigurationName = Release;
		};
		3B222C9C2CD769A4008087EF /* Build configuration list for PBXNativeTarget "Programatic-UI" */ = {
			isa = XCConfigurationList;
			buildConfigurations = (
				3B222C9D2CD769A4008087EF /* Debug */,
				3B222C9E2CD769A4008087EF /* Release */,
			);
			defaultConfigurationIsVisible = 0;
			defaultConfigurationName = Release;
		};
		3B222CA12CD769A4008087EF /* Build configuration list for PBXNativeTarget "Programatic-UITests" */ = {
			isa = XCConfigurationList;
			buildConfigurations = (
				3B222CA22CD769A4008087EF /* Debug */,
				3B222CA32CD769A4008087EF /* Release */,
			);
			defaultConfigurationIsVisible = 0;
			defaultConfigurationName = Release;
		};
		3B222CA42CD769A4008087EF /* Build configuration list for PBXNativeTarget "Programatic-UIUITests" */ = {
			isa = XCConfigurationList;
			buildConfigurations = (
				3B222CA52CD769A4008087EF /* Debug */,
				3B222CA62CD769A4008087EF /* Release */,
			);
			defaultConfigurationIsVisible = 0;
			defaultConfigurationName = Release;
		};
/* End XCConfigurationList section */
	};
	rootObject = 3B222C6B2CD769A3008087EF /* Project object */;
}
